# This file is automatically @generated by Cargo.
# It is not intended for manual editing.
version = 3

[[package]]
name = "array_pattern"
version = "0.1.0"

[[package]]
name = "dour"
version = "0.1.0"
dependencies = [
 "array_pattern",
 "error_reporter",
]

[[package]]
name = "error_reporter"
version = "0.1.0"
